PODS:
  - Alamofire (5.0.0-beta.7)

DEPENDENCIES:
  - Alamofire (~> 5.0.0-beta.5)

SPEC REPOS:
  https://github.com/cocoapods/specs.git:
    - Alamofire

SPEC CHECKSUMS:
  Alamofire: bd07938ceecad59d2492aeecb1f785a8f2721160

PODFILE CHECKSUM: af748c5b8aae7a1d1b5db97506e5d48a3484da79

COCOAPODS: 1.7.5
